
Microsoft Visual Studio Solution File, Format Version 12.00
# Visual Studio 15
VisualStudioVersion = 15.0.27703.2035
MinimumVisualStudioVersion = 10.0.40219.1
Project("{9A19103F-16F7-4668-BE54-9A1E7A4F7556}") = "BasicInfo", "BasicInfo\BasicInfo.csproj", "{CD1D7686-A714-4E0A-BEE4-FA8ED31C6F09}"
EndProject
Global
	GlobalSection(SolutionConfigurationPlatforms) = preSolution
		Debug|Any CPU = Debug|Any CPU
		Debug|x64 = Debug|x64
		Release|Any CPU = Release|Any CPU
		Release|x64 = Release|x64
	EndGlobalSection
	GlobalSection(ProjectConfigurationPlatforms) = postSolution
		{CD1D7686-A714-4E0A-BEE4-FA8ED31C6F09}.Debug|Any CPU.ActiveCfg = Debug|x64
		{CD1D7686-A714-4E0A-BEE4-FA8ED31C6F09}.Debug|Any CPU.Build.0 = Debug|x64
		{CD1D7686-A714-4E0A-BEE4-FA8ED31C6F09}.Debug|x64.ActiveCfg = Debug|x64
		{CD1D7686-A714-4E0A-BEE4-FA8ED31C6F09}.Debug|x64.Build.0 = Debug|x64
		{CD1D7686-A714-4E0A-BEE4-FA8ED31C6F09}.Release|Any CPU.ActiveCfg = Release|Any CPU
		{CD1D7686-A714-4E0A-BEE4-FA8ED31C6F09}.Release|Any CPU.Build.0 = Release|Any CPU
		{CD1D7686-A714-4E0A-BEE4-FA8ED31C6F09}.Release|x64.ActiveCfg = Release|x64
		{CD1D7686-A714-4E0A-BEE4-FA8ED31C6F09}.Release|x64.Build.0 = Release|x64
	EndGlobalSection
	GlobalSection(SolutionProperties) = preSolution
		HideSolutionNode = FALSE
	EndGlobalSection
	GlobalSection(ExtensibilityGlobals) = postSolution
		SolutionGuid = {9F8D1F70-1493-4C3D-B7BB-9BD6EE6611D8}
	EndGlobalSection
EndGlobal
